
Microsoft Visual Studio Solution File, Format Version 12.00
# Visual Studio Version 17
VisualStudioVersion = 17.9.34714.143
MinimumVisualStudioVersion = 10.0.40219.1
Project("{FAE04EC0-301F-11D3-BF4B-00C04F79EFBC}") = "WinFormsAppAlgoritmo", "WinFormsAppAlgoritmo.csproj", "{F91FD99D-A6C1-49EE-B938-7133DAE13106}"
EndProject
Global
	GlobalSection(SolutionConfigurationPlatforms) = preSolution
		Debug|Any CPU = Debug|Any CPU
		Release|Any CPU = Release|Any CPU
	EndGlobalSection
	GlobalSection(ProjectConfigurationPlatforms) = postSolution
		{F91FD99D-A6C1-49EE-B938-7133DAE13106}.Debug|Any CPU.ActiveCfg = Debug|Any CPU
		{F91FD99D-A6C1-49EE-B938-7133DAE13106}.Debug|Any CPU.Build.0 = Debug|Any CPU
		{F91FD99D-A6C1-49EE-B938-7133DAE13106}.Release|Any CPU.ActiveCfg = Release|Any CPU
		{F91FD99D-A6C1-49EE-B938-7133DAE13106}.Release|Any CPU.Build.0 = Release|Any CPU
	EndGlobalSection
	GlobalSection(SolutionProperties) = preSolution
		HideSolutionNode = FALSE
	EndGlobalSection
	GlobalSection(ExtensibilityGlobals) = postSolution
		SolutionGuid = {EE1CCE7F-D436-432E-86FF-E8369833CC75}
	EndGlobalSection
EndGlobal
